
Microsoft Visual Studio Solution File, Format Version 12.00
# Visual Studio Version 17
VisualStudioVersion = 17.1.31903.286
MinimumVisualStudioVersion = 10.0.40219.1
Project("{FAE04EC0-301F-11D3-BF4B-00C04F79EFBC}") = "MALON_GLOBAL_TEST.API", "MALON_GLOBAL_TEST.API.csproj", "{F2866ED9-E6C1-4839-B719-50D4B433E672}"
EndProject
Global
	GlobalSection(SolutionConfigurationPlatforms) = preSolution
		Debug|Any CPU = Debug|Any CPU
		Release|Any CPU = Release|Any CPU
	EndGlobalSection
	GlobalSection(ProjectConfigurationPlatforms) = postSolution
		{F2866ED9-E6C1-4839-B719-50D4B433E672}.Debug|Any CPU.ActiveCfg = Debug|Any CPU
		{F2866ED9-E6C1-4839-B719-50D4B433E672}.Debug|Any CPU.Build.0 = Debug|Any CPU
		{F2866ED9-E6C1-4839-B719-50D4B433E672}.Release|Any CPU.ActiveCfg = Release|Any CPU
		{F2866ED9-E6C1-4839-B719-50D4B433E672}.Release|Any CPU.Build.0 = Release|Any CPU
	EndGlobalSection
	GlobalSection(SolutionProperties) = preSolution
		HideSolutionNode = FALSE
	EndGlobalSection
	GlobalSection(ExtensibilityGlobals) = postSolution
		SolutionGuid = {CC12547E-6169-483D-9FD5-B13D2688ECF4}
	EndGlobalSection
EndGlobal
